
Microsoft Visual Studio Solution File, Format Version 12.00
# Visual Studio Version 16
VisualStudioVersion = 16.0.31624.102
MinimumVisualStudioVersion = 10.0.40219.1
Project("{FAE04EC0-301F-11D3-BF4B-00C04F79EFBC}") = "LovesWPF", "LovesWPF\LovesWPF.csproj", "{32512531-DE60-47D0-8DBB-34DB3E174FD1}"
EndProject
Global
	GlobalSection(SolutionConfigurationPlatforms) = preSolution
		Debug|Any CPU = Debug|Any CPU
		Release|Any CPU = Release|Any CPU
	EndGlobalSection
	GlobalSection(ProjectConfigurationPlatforms) = postSolution
		{32512531-DE60-47D0-8DBB-34DB3E174FD1}.Debug|Any CPU.ActiveCfg = Debug|Any CPU
		{32512531-DE60-47D0-8DBB-34DB3E174FD1}.Debug|Any CPU.Build.0 = Debug|Any CPU
		{32512531-DE60-47D0-8DBB-34DB3E174FD1}.Release|Any CPU.ActiveCfg = Release|Any CPU
		{32512531-DE60-47D0-8DBB-34DB3E174FD1}.Release|Any CPU.Build.0 = Release|Any CPU
	EndGlobalSection
	GlobalSection(SolutionProperties) = preSolution
		HideSolutionNode = FALSE
	EndGlobalSection
	GlobalSection(ExtensibilityGlobals) = postSolution
		SolutionGuid = {77597CFC-DA86-4A5D-B75C-B4C5B48B3712}
	EndGlobalSection
EndGlobal
